{
  "lib/forge-std": {
    "rev": "3f999523613ab5454a5c4ae4abeaa8ea2ba7bcae"
  },
  "lib/justanaccount": {
    "rev": "893f8e8fb255ce7b16f3c19c818fb1007222059e"
  },
  "lib/openzeppelin-contracts": {
    "rev": "fcbae5394ae8ad52d8e580a3477db99814b9d565"
  },
  "lib/permit2": {
    "rev": "cc56ad0f3439c502c246fc5cfcc3db92bb8b7219"
  },
  "lib/solady": {
    "rev": "acd959aa4bd04720d640bf4e6a5c71037510cc4b"
  }
}